
Microsoft Visual Studio Solution File, Format Version 12.00
# Visual Studio Version 16
VisualStudioVersion = 16.0.29905.134
MinimumVisualStudioVersion = 10.0.40219.1
Project("{9A19103F-16F7-4668-BE54-9A1E7A4F7556}") = "TodoApi", "TodoApi.csproj", "{A2B55126-465D-493F-B985-2AD6EB6BCAB7}"
EndProject
Global
	GlobalSection(SolutionConfigurationPlatforms) = preSolution
		Debug|Any CPU = Debug|Any CPU
		Release|Any CPU = Release|Any CPU
	EndGlobalSection
	GlobalSection(ProjectConfigurationPlatforms) = postSolution
		{A2B55126-465D-493F-B985-2AD6EB6BCAB7}.Debug|Any CPU.ActiveCfg = Debug|Any CPU
		{A2B55126-465D-493F-B985-2AD6EB6BCAB7}.Debug|Any CPU.Build.0 = Debug|Any CPU
		{A2B55126-465D-493F-B985-2AD6EB6BCAB7}.Release|Any CPU.ActiveCfg = Release|Any CPU
		{A2B55126-465D-493F-B985-2AD6EB6BCAB7}.Release|Any CPU.Build.0 = Release|Any CPU
	EndGlobalSection
	GlobalSection(SolutionProperties) = preSolution
		HideSolutionNode = FALSE
	EndGlobalSection
	GlobalSection(ExtensibilityGlobals) = postSolution
		SolutionGuid = {3EA94268-2981-4447-B4C5-974DB46E6796}
	EndGlobalSection
EndGlobal
